
Microsoft Visual Studio Solution File, Format Version 12.00
# Visual Studio Version 16
VisualStudioVersion = 16.0.32106.194
MinimumVisualStudioVersion = 10.0.40219.1
Project("{FAE04EC0-301F-11D3-BF4B-00C04F79EFBC}") = "CSharp", "CSharp\CSharp.csproj", "{B2B92E87-28C8-4863-A250-2E32AED667B9}"
EndProject
Global
	GlobalSection(SolutionConfigurationPlatforms) = preSolution
		Debug|Any CPU = Debug|Any CPU
		Release|Any CPU = Release|Any CPU
	EndGlobalSection
	GlobalSection(ProjectConfigurationPlatforms) = postSolution
		{B2B92E87-28C8-4863-A250-2E32AED667B9}.Debug|Any CPU.ActiveCfg = Debug|Any CPU
		{B2B92E87-28C8-4863-A250-2E32AED667B9}.Debug|Any CPU.Build.0 = Debug|Any CPU
		{B2B92E87-28C8-4863-A250-2E32AED667B9}.Release|Any CPU.ActiveCfg = Release|Any CPU
		{B2B92E87-28C8-4863-A250-2E32AED667B9}.Release|Any CPU.Build.0 = Release|Any CPU
	EndGlobalSection
	GlobalSection(SolutionProperties) = preSolution
		HideSolutionNode = FALSE
	EndGlobalSection
	GlobalSection(ExtensibilityGlobals) = postSolution
		SolutionGuid = {D488C8A2-3E1F-45E5-B24F-784C533A0494}
	EndGlobalSection
EndGlobal
